// !$*UTF8*$!
{
	archiveVersion = 1;
	classes = {
	};
	objectVersion = 56;
	objects = {

/* Begin PBXBuildFile section */
		1AFE26A929B2CE5A0004B7C9 /* main.swift in Sources */ = {isa = PBXBuildFile; fileRef = 1AFE26A829B2CE5A0004B7C9 /* main.swift */; };
		1AFE273629C148150004B7C9 /* libhello.h in Headers */ = {isa = PBXBuildFile; fileRef = 1AFE273529C148150004B7C9 /* libhello.h */; };
		1AFE273829C148150004B7C9 /* libhello.c in Sources */ = {isa = PBXBuildFile; fileRef = 1AFE273729C148150004B7C9 /* libhello.c */; };
		1AFE273E29C148CD0004B7C9 /* liblibhello.a in Frameworks */ = {isa = PBXBuildFile; fileRef = 1AFE273329C148150004B7C9 /* liblibhello.a */; };
		1AFE274029C14C440004B7C9 /* CoreFoundation.framework in Frameworks */ = {isa = PBXBuildFile; fileRef = 1AFE273F29C14C440004B7C9 /* CoreFoundation.framework */; };
/* End PBXBuildFile section */

/* Begin PBXCopyFilesBuildPhase section */
		1AFE26A329B2CE5A0004B7C9 /* CopyFiles */ = {
			isa = PBXCopyFilesBuildPhase;
			buildActionMask = 2147483647;
			dstPath = /usr/share/man/man1/;
			dstSubfolderSpec = 0;
			files = (
			);
			runOnlyForDeploymentPostprocessing = 1;
		};
/* End PBXCopyFilesBuildPhase section */

/* Begin PBXFileReference section */
		1AFE26A529B2CE5A0004B7C9 /* hellocli */ = {isa = PBXFileReference; explicitFileType = "compiled.mach-o.executable"; includeInIndex = 0; path = hellocli; sourceTree = BUILT_PRODUCTS_DIR; };
		1AFE26A829B2CE5A0004B7C9 /* main.swift */ = {isa = PBXFileReference; lastKnownFileType = sourcecode.swift; path = main.swift; sourceTree = "<group>"; };
		1AFE273329C148150004B7C9 /* liblibhello.a */ = {isa = PBXFileReference; explicitFileType = archive.ar; includeInIndex = 0; path = liblibhello.a; sourceTree = BUILT_PRODUCTS_DIR; };
		1AFE273529C148150004B7C9 /* libhello.h */ = {isa = PBXFileReference; lastKnownFileType = sourcecode.c.h; path = libhello.h; sourceTree = "<group>"; };
		1AFE273729C148150004B7C9 /* libhello.c */ = {isa = PBXFileReference; lastKnownFileType = sourcecode.c.c; path = libhello.c; sourceTree = "<group>"; };
		1AFE273C29C1489F0004B7C9 /* module.modulemap */ = {isa = PBXFileReference; lastKnownFileType = "sourcecode.module-map"; path = module.modulemap; sourceTree = "<group>"; };
		1AFE273F29C14C440004B7C9 /* CoreFoundation.framework */ = {isa = PBXFileReference; lastKnownFileType = wrapper.framework; name = CoreFoundation.framework; path = System/Library/Frameworks/CoreFoundation.framework; sourceTree = SDKROOT; };
		1AFE274129C173C40004B7C9 /* README.md */ = {isa = PBXFileReference; lastKnownFileType = net.daringfireball.markdown; path = README.md; sourceTree = "<group>"; };
/* End PBXFileReference section */

/* Begin PBXFrameworksBuildPhase section */
		1AFE26A229B2CE5A0004B7C9 /* Frameworks */ = {
			isa = PBXFrameworksBuildPhase;
			buildActionMask = 2147483647;
			files = (
				1AFE273E29C148CD0004B7C9 /* liblibhello.a in Frameworks */,
			);
			runOnlyForDeploymentPostprocessing = 0;
		};
		1AFE273129C148150004B7C9 /* Frameworks */ = {
			isa = PBXFrameworksBuildPhase;
			buildActionMask = 2147483647;
			files = (
				1AFE274029C14C440004B7C9 /* CoreFoundation.framework in Frameworks */,
			);
			runOnlyForDeploymentPostprocessing = 0;
		};
/* End PBXFrameworksBuildPhase section */

/* Begin PBXGroup section */
		1AFE269C29B2CE5A0004B7C9 = {
			isa = PBXGroup;
			children = (
				1AFE274129C173C40004B7C9 /* README.md */,
				1AFE26A729B2CE5A0004B7C9 /* hellocli */,
				1AFE273429C148150004B7C9 /* libhello */,
				1AFE26A629B2CE5A0004B7C9 /* Products */,
				1AFE273D29C148CD0004B7C9 /* Frameworks */,
			);
			sourceTree = "<group>";
		};
		1AFE26A629B2CE5A0004B7C9 /* Products */ = {
			isa = PBXGroup;
			children = (
				1AFE26A529B2CE5A0004B7C9 /* hellocli */,
				1AFE273329C148150004B7C9 /* liblibhello.a */,
			);
			name = Products;
			sourceTree = "<group>";
		};
		1AFE26A729B2CE5A0004B7C9 /* hellocli */ = {
			isa = PBXGroup;
			children = (
				1AFE26A829B2CE5A0004B7C9 /* main.swift */,
			);
			path = hellocli;
			sourceTree = "<group>";
		};
		1AFE273429C148150004B7C9 /* libhello */ = {
			isa = PBXGroup;
			children = (
				1AFE273529C148150004B7C9 /* libhello.h */,
				1AFE273729C148150004B7C9 /* libhello.c */,
				1AFE273C29C1489F0004B7C9 /* module.modulemap */,
			);
			path = libhello;
			sourceTree = "<group>";
		};
		1AFE273D29C148CD0004B7C9 /* Frameworks */ = {
			isa = PBXGroup;
			children = (
				1AFE273F29C14C440004B7C9 /* CoreFoundation.framework */,
			);
			name = Frameworks;
			sourceTree = "<group>";
		};
/* End PBXGroup section */

/* Begin PBXHeadersBuildPhase section */
		1AFE272F29C148150004B7C9 /* Headers */ = {
			isa = PBXHeadersBuildPhase;
			buildActionMask = 2147483647;
			files = (
				1AFE273629C148150004B7C9 /* libhello.h in Headers */,
			);
			runOnlyForDeploymentPostprocessing = 0;
		};
/* End PBXHeadersBuildPhase section */

/* Begin PBXNativeTarget section */
		1AFE26A429B2CE5A0004B7C9 /* hellocli */ = {
			isa = PBXNativeTarget;
			buildConfigurationList = 1AFE26AC29B2CE5A0004B7C9 /* Build configuration list for PBXNativeTarget "hellocli" */;
			buildPhases = (
				1AFE26A129B2CE5A0004B7C9 /* Sources */,
				1AFE26A229B2CE5A0004B7C9 /* Frameworks */,
				1AFE26A329B2CE5A0004B7C9 /* CopyFiles */,
			);
			buildRules = (
			);
			dependencies = (
			);
			name = hellocli;
			productName = hellocli;
			productReference = 1AFE26A529B2CE5A0004B7C9 /* hellocli */;
			productType = "com.apple.product-type.tool";
		};
		1AFE273229C148150004B7C9 /* libhello */ = {
			isa = PBXNativeTarget;
			buildConfigurationList = 1AFE273B29C148150004B7C9 /* Build configuration list for PBXNativeTarget "libhello" */;
			buildPhases = (
				1AFE272F29C148150004B7C9 /* Headers */,
				1AFE273029C148150004B7C9 /* Sources */,
				1AFE273129C148150004B7C9 /* Frameworks */,
			);
			buildRules = (
			);
			dependencies = (
			);
			name = libhello;
			productName = libhello;
			productReference = 1AFE273329C148150004B7C9 /* liblibhello.a */;
			productType = "com.apple.product-type.library.static";
		};
/* End PBXNativeTarget section */

/* Begin PBXProject section */
		1AFE269D29B2CE5A0004B7C9 /* Project object */ = {
			isa = PBXProject;
			attributes = {
				BuildIndependentTargetsInParallel = 1;
				LastSwiftUpdateCheck = 1420;
				LastUpgradeCheck = 1420;
				TargetAttributes = {
					1AFE26A429B2CE5A0004B7C9 = {
						CreatedOnToolsVersion = 14.2;
					};
					1AFE273229C148150004B7C9 = {
						CreatedOnToolsVersion = 14.2;
					};
				};
			};
			buildConfigurationList = 1AFE26A029B2CE5A0004B7C9 /* Build configuration list for PBXProject "hellocli" */;
			compatibilityVersion = "Xcode 14.0";
			developmentRegion = en;
			hasScannedForEncodings = 0;
			knownRegions = (
				en,
				Base,
			);
			mainGroup = 1AFE269C29B2CE5A0004B7C9;
			productRefGroup = 1AFE26A629B2CE5A0004B7C9 /* Products */;
			projectDirPath = "";
			projectRoot = "";
			targets = (
				1AFE26A429B2CE5A0004B7C9 /* hellocli */,
				1AFE273229C148150004B7C9 /* libhello */,
			);
		};
/* End PBXProject section */

/* Begin PBXSourcesBuildPhase section */
		1AFE26A129B2CE5A0004B7C9 /* Sources */ = {
			isa = PBXSourcesBuildPhase;
			buildActionMask = 2147483647;
			files = (
				1AFE26A929B2CE5A0004B7C9 /* main.swift in Sources */,
			);
			runOnlyForDeploymentPostprocessing = 0;
		};
		1AFE273029C148150004B7C9 /* Sources */ = {
			isa = PBXSourcesBuildPhase;
			buildActionMask = 2147483647;
			files = (
				1AFE273829C148150004B7C9 /* libhello.c in Sources */,
			);
			runOnlyForDeploymentPostprocessing = 0;
		};
/* End PBXSourcesBuildPhase section */

/* Begin XCBuildConfiguration section */
		1AFE26AA29B2CE5A0004B7C9 /* Debug */ = {
			isa = XCBuildConfiguration;
			buildSettings = {
				ALWAYS_SEARCH_USER_PATHS = NO;
				CLANG_ANALYZER_NONNULL = YES;
				CLANG_ANALYZER_NUMBER_OBJECT_CONVERSION = YES_AGGRESSIVE;
				CLANG_CXX_LANGUAGE_STANDARD = "gnu++20";
				CLANG_ENABLE_MODULES = YES;
				CLANG_ENABLE_OBJC_ARC = YES;
				CLANG_ENABLE_OBJC_WEAK = YES;
				CLANG_WARN_BLOCK_CAPTURE_AUTORELEASING = YES;
				CLANG_WARN_BOOL_CONVERSION = YES;
				CLANG_WARN_COMMA = YES;
				CLANG_WARN_CONSTANT_CONVERSION = YES;
				CLANG_WARN_DEPRECATED_OBJC_IMPLEMENTATIONS = YES;
				CLANG_WARN_DIRECT_OBJC_ISA_USAGE = YES_ERROR;
				CLANG_WARN_DOCUMENTATION_COMMENTS = YES;
				CLANG_WARN_EMPTY_BODY = YES;
				CLANG_WARN_ENUM_CONVERSION = YES;
				CLANG_WARN_INFINITE_RECURSION = YES;
				CLANG_WARN_INT_CONVERSION = YES;
				CLANG_WARN_NON_LITERAL_NULL_CONVERSION = YES;
				CLANG_WARN_OBJC_IMPLICIT_RETAIN_SELF = YES;
				CLANG_WARN_OBJC_LITERAL_CONVERSION = YES;
				CLANG_WARN_OBJC_ROOT_CLASS = YES_ERROR;
				CLANG_WARN_QUOTED_INCLUDE_IN_FRAMEWORK_HEADER = YES;
				CLANG_WARN_RANGE_LOOP_ANALYSIS = YES;
				CLANG_WARN_STRICT_PROTOTYPES = YES;
				CLANG_WARN_SUSPICIOUS_MOVE = YES;
				CLANG_WARN_UNGUARDED_AVAILABILITY = YES_AGGRESSIVE;
				CLANG_WARN_UNREACHABLE_CODE = YES;
				CLANG_WARN__DUPLICATE_METHOD_MATCH = YES;
				COPY_PHASE_STRIP = NO;
				DEBUG_INFORMATION_FORMAT = dwarf;
				ENABLE_STRICT_OBJC_MSGSEND = YES;
				ENABLE_TESTABILITY = YES;
				GCC_C_LANGUAGE_STANDARD = gnu11;
				GCC_DYNAMIC_NO_PIC = NO;
				GCC_NO_COMMON_BLOCKS = YES;
				GCC_OPTIMIZATION_LEVEL = 0;
				GCC_PREPROCESSOR_DEFINITIONS = (
					"DEBUG=1",
					"$(inherited)",
				);
				GCC_WARN_64_TO_32_BIT_CONVERSION = YES;
				GCC_WARN_ABOUT_RETURN_TYPE = YES_ERROR;
				GCC_WARN_UNDECLARED_SELECTOR = YES;
				GCC_WARN_UNINITIALIZED_AUTOS = YES_AGGRESSIVE;
				GCC_WARN_UNUSED_FUNCTION = YES;
				GCC_WARN_UNUSED_VARIABLE = YES;
				MACOSX_DEPLOYMENT_TARGET = 13.1;
				MTL_ENABLE_DEBUG_INFO = INCLUDE_SOURCE;
				MTL_FAST_MATH = YES;
				ONLY_ACTIVE_ARCH = YES;
				SDKROOT = macosx;
				SWIFT_ACTIVE_COMPILATION_CONDITIONS = DEBUG;
				SWIFT_OPTIMIZATION_LEVEL = "-Onone";
			};
			name = Debug;
		};
		1AFE26AB29B2CE5A0004B7C9 /* Release */ = {
			isa = XCBuildConfiguration;
			buildSettings = {
				ALWAYS_SEARCH_USER_PATHS = NO;
				CLANG_ANALYZER_NONNULL = YES;
				CLANG_ANALYZER_NUMBER_OBJECT_CONVERSION = YES_AGGRESSIVE;
				CLANG_CXX_LANGUAGE_STANDARD = "gnu++20";
				CLANG_ENABLE_MODULES = YES;
				CLANG_ENABLE_OBJC_ARC = YES;
				CLANG_ENABLE_OBJC_WEAK = YES;
				CLANG_WARN_BLOCK_CAPTURE_AUTORELEASING = YES;
				CLANG_WARN_BOOL_CONVERSION = YES;
				CLANG_WARN_COMMA = YES;
				CLANG_WARN_CONSTANT_CONVERSION = YES;
				CLANG_WARN_DEPRECATED_OBJC_IMPLEMENTATIONS = YES;
				CLANG_WARN_DIRECT_OBJC_ISA_USAGE = YES_ERROR;
				CLANG_WARN_DOCUMENTATION_COMMENTS = YES;
				CLANG_WARN_EMPTY_BODY = YES;
				CLANG_WARN_ENUM_CONVERSION = YES;
				CLANG_WARN_INFINITE_RECURSION = YES;
				CLANG_WARN_INT_CONVERSION = YES;
				CLANG_WARN_NON_LITERAL_NULL_CONVERSION = YES;
				CLANG_WARN_OBJC_IMPLICIT_RETAIN_SELF = YES;
				CLANG_WARN_OBJC_LITERAL_CONVERSION = YES;
				CLANG_WARN_OBJC_ROOT_CLASS = YES_ERROR;
				CLANG_WARN_QUOTED_INCLUDE_IN_FRAMEWORK_HEADER = YES;
				CLANG_WARN_RANGE_LOOP_ANALYSIS = YES;
				CLANG_WARN_STRICT_PROTOTYPES = YES;
				CLANG_WARN_SUSPICIOUS_MOVE = YES;
				CLANG_WARN_UNGUARDED_AVAILABILITY = YES_AGGRESSIVE;
				CLANG_WARN_UNREACHABLE_CODE = YES;
				CLANG_WARN__DUPLICATE_METHOD_MATCH = YES;
				COPY_PHASE_STRIP = NO;
				DEBUG_INFORMATION_FORMAT = "dwarf-with-dsym";
				ENABLE_NS_ASSERTIONS = NO;
				ENABLE_STRICT_OBJC_MSGSEND = YES;
				GCC_C_LANGUAGE_STANDARD = gnu11;
				GCC_NO_COMMON_BLOCKS = YES;
				GCC_WARN_64_TO_32_BIT_CONVERSION = YES;
				GCC_WARN_ABOUT_RETURN_TYPE = YES_ERROR;
				GCC_WARN_UNDECLARED_SELECTOR = YES;
				GCC_WARN_UNINITIALIZED_AUTOS = YES_AGGRESSIVE;
				GCC_WARN_UNUSED_FUNCTION = YES;
				GCC_WARN_UNUSED_VARIABLE = YES;
				MACOSX_DEPLOYMENT_TARGET = 13.1;
				MTL_ENABLE_DEBUG_INFO = NO;
				MTL_FAST_MATH = YES;
				SDKROOT = macosx;
				SWIFT_COMPILATION_MODE = wholemodule;
				SWIFT_OPTIMIZATION_LEVEL = "-O";
			};
			name = Release;
		};
		1AFE26AD29B2CE5A0004B7C9 /* Debug */ = {
			isa = XCBuildConfiguration;
			buildSettings = {
				CODE_SIGN_STYLE = Automatic;
				DEVELOPMENT_TEAM = P328WBM7QT;
				ENABLE_HARDENED_RUNTIME = YES;
				PRODUCT_NAME = "$(TARGET_NAME)";
				SWIFT_INCLUDE_PATHS = "$(SRCROOT)/libhello";
				SWIFT_VERSION = 5.0;
			};
			name = Debug;
		};
		1AFE26AE29B2CE5A0004B7C9 /* Release */ = {
			isa = XCBuildConfiguration;
			buildSettings = {
				CODE_SIGN_STYLE = Automatic;
				DEVELOPMENT_TEAM = P328WBM7QT;
				ENABLE_HARDENED_RUNTIME = YES;
				PRODUCT_NAME = "$(TARGET_NAME)";
				SWIFT_INCLUDE_PATHS = "$(SRCROOT)/libhello";
				SWIFT_VERSION = 5.0;
			};
			name = Release;
		};
		1AFE273929C148150004B7C9 /* Debug */ = {
			isa = XCBuildConfiguration;
			buildSettings = {
				CODE_SIGN_STYLE = Automatic;
				DEVELOPMENT_TEAM = P328WBM7QT;
				EXECUTABLE_PREFIX = lib;
				PRODUCT_NAME = "$(TARGET_NAME)";
				SKIP_INSTALL = YES;
			};
			name = Debug;
		};
		1AFE273A29C148150004B7C9 /* Release */ = {
			isa = XCBuildConfiguration;
			buildSettings = {
				CODE_SIGN_STYLE = Automatic;
				DEVELOPMENT_TEAM = P328WBM7QT;
				EXECUTABLE_PREFIX = lib;
				PRODUCT_NAME = "$(TARGET_NAME)";
				SKIP_INSTALL = YES;
			};
			name = Release;
		};
/* End XCBuildConfiguration section */

/* Begin XCConfigurationList section */
		1AFE26A029B2CE5A0004B7C9 /* Build configuration list for PBXProject "hellocli" */ = {
			isa = XCConfigurationList;
			buildConfigurations = (
				1AFE26AA29B2CE5A0004B7C9 /* Debug */,
				1AFE26AB29B2CE5A0004B7C9 /* Release */,
			);
			defaultConfigurationIsVisible = 0;
			defaultConfigurationName = Release;
		};
		1AFE26AC29B2CE5A0004B7C9 /* Build configuration list for PBXNativeTarget "hellocli" */ = {
			isa = XCConfigurationList;
			buildConfigurations = (
				1AFE26AD29B2CE5A0004B7C9 /* Debug */,
				1AFE26AE29B2CE5A0004B7C9 /* Release */,
			);
			defaultConfigurationIsVisible = 0;
			defaultConfigurationName = Release;
		};
		1AFE273B29C148150004B7C9 /* Build configuration list for PBXNativeTarget "libhello" */ = {
			isa = XCConfigurationList;
			buildConfigurations = (
				1AFE273929C148150004B7C9 /* Debug */,
				1AFE273A29C148150004B7C9 /* Release */,
			);
			defaultConfigurationIsVisible = 0;
			defaultConfigurationName = Release;
		};
/* End XCConfigurationList section */
	};
	rootObject = 1AFE269D29B2CE5A0004B7C9 /* Project object */;
}
